
Microsoft Visual Studio Solution File, Format Version 10.00
# Visual Studio 2008
Project("{FAE04EC0-301F-11D3-BF4B-00C04F79EFBC}") = "TopCoder.Web.UI.WebControl.SingleClickButton", "TopCoder.Web.UI.WebControl.SingleClickButton\TopCoder.Web.UI.WebControl.SingleClickButton.csproj", "{FB0F7C24-48BA-4B9B-85D3-8C88574ECDF6}"
EndProject
Project("{2150E333-8FDC-42A3-9474-1A3956D46DE8}") = "Tests", "Tests", "{6760F608-3805-4A47-ABAE-ABC61218C7FB}"
EndProject
Project("{FAE04EC0-301F-11D3-BF4B-00C04F79EFBC}") = "TopCoder.Web.UI.WebControl.SingleClickButton.DeveloperTests", "TopCoder.Web.UI.WebControl.SingleClickButton.DeveloperTests\TopCoder.Web.UI.WebControl.SingleClickButton.DeveloperTests.csproj", "{31B34875-3631-4738-9B3C-A2C10AFA74BC}"
EndProject
Project("{FAE04EC0-301F-11D3-BF4B-00C04F79EFBC}") = "TopCoder.Web.UI.WebControl.SingleClickButton.AccuracyTests", "TopCoder.Web.UI.WebControl.SingleClickButton.AccuracyTests\TopCoder.Web.UI.WebControl.SingleClickButton.AccuracyTests.csproj", "{218CA386-B676-4D32-AF51-8879F4CB2FE6}"
EndProject
Project("{FAE04EC0-301F-11D3-BF4B-00C04F79EFBC}") = "TopCoder.Web.UI.WebControl.SingleClickButton.StressTests", "TopCoder.Web.UI.WebControl.SingleClickButton.StressTests\TopCoder.Web.UI.WebControl.SingleClickButton.StressTests.csproj", "{8F156FE1-117B-43F1-B52A-949B57CF9B84}"
EndProject
Project("{FAE04EC0-301F-11D3-BF4B-00C04F79EFBC}") = "TopCoder.Web.UI.WebControl.SingleClickButton.FailureTests", "TopCoder.Web.UI.WebControl.SingleClickButton.FailureTests\TopCoder.Web.UI.WebControl.SingleClickButton.FailureTests.csproj", "{E4BFEF00-5936-4548-96D5-9D79D5307104}"
EndProject
Global
	GlobalSection(SolutionConfigurationPlatforms) = preSolution
		Debug|Any CPU = Debug|Any CPU
		Release|Any CPU = Release|Any CPU
	EndGlobalSection
	GlobalSection(ProjectConfigurationPlatforms) = postSolution
		{FB0F7C24-48BA-4B9B-85D3-8C88574ECDF6}.Debug|Any CPU.ActiveCfg = Debug|Any CPU
		{FB0F7C24-48BA-4B9B-85D3-8C88574ECDF6}.Debug|Any CPU.Build.0 = Debug|Any CPU
		{FB0F7C24-48BA-4B9B-85D3-8C88574ECDF6}.Release|Any CPU.ActiveCfg = Release|Any CPU
		{FB0F7C24-48BA-4B9B-85D3-8C88574ECDF6}.Release|Any CPU.Build.0 = Release|Any CPU
		{31B34875-3631-4738-9B3C-A2C10AFA74BC}.Debug|Any CPU.ActiveCfg = Debug|Any CPU
		{31B34875-3631-4738-9B3C-A2C10AFA74BC}.Debug|Any CPU.Build.0 = Debug|Any CPU
		{31B34875-3631-4738-9B3C-A2C10AFA74BC}.Release|Any CPU.ActiveCfg = Release|Any CPU
		{31B34875-3631-4738-9B3C-A2C10AFA74BC}.Release|Any CPU.Build.0 = Release|Any CPU
		{218CA386-B676-4D32-AF51-8879F4CB2FE6}.Debug|Any CPU.ActiveCfg = Debug|Any CPU
		{218CA386-B676-4D32-AF51-8879F4CB2FE6}.Debug|Any CPU.Build.0 = Debug|Any CPU
		{218CA386-B676-4D32-AF51-8879F4CB2FE6}.Release|Any CPU.ActiveCfg = Release|Any CPU
		{218CA386-B676-4D32-AF51-8879F4CB2FE6}.Release|Any CPU.Build.0 = Release|Any CPU
		{8F156FE1-117B-43F1-B52A-949B57CF9B84}.Debug|Any CPU.ActiveCfg = Debug|Any CPU
		{8F156FE1-117B-43F1-B52A-949B57CF9B84}.Debug|Any CPU.Build.0 = Debug|Any CPU
		{8F156FE1-117B-43F1-B52A-949B57CF9B84}.Release|Any CPU.ActiveCfg = Release|Any CPU
		{8F156FE1-117B-43F1-B52A-949B57CF9B84}.Release|Any CPU.Build.0 = Release|Any CPU
		{E4BFEF00-5936-4548-96D5-9D79D5307104}.Debug|Any CPU.ActiveCfg = Debug|Any CPU
		{E4BFEF00-5936-4548-96D5-9D79D5307104}.Debug|Any CPU.Build.0 = Debug|Any CPU
		{E4BFEF00-5936-4548-96D5-9D79D5307104}.Release|Any CPU.ActiveCfg = Release|Any CPU
		{E4BFEF00-5936-4548-96D5-9D79D5307104}.Release|Any CPU.Build.0 = Release|Any CPU
	EndGlobalSection
	GlobalSection(SolutionProperties) = preSolution
		HideSolutionNode = FALSE
	EndGlobalSection
	GlobalSection(NestedProjects) = preSolution
		{31B34875-3631-4738-9B3C-A2C10AFA74BC} = {6760F608-3805-4A47-ABAE-ABC61218C7FB}
		{218CA386-B676-4D32-AF51-8879F4CB2FE6} = {6760F608-3805-4A47-ABAE-ABC61218C7FB}
		{8F156FE1-117B-43F1-B52A-949B57CF9B84} = {6760F608-3805-4A47-ABAE-ABC61218C7FB}
		{E4BFEF00-5936-4548-96D5-9D79D5307104} = {6760F608-3805-4A47-ABAE-ABC61218C7FB}
	EndGlobalSection
EndGlobal
