
Microsoft Visual Studio Solution File, Format Version 10.00
# Visual Studio 2008
Project("{FAE04EC0-301F-11D3-BF4B-00C04F79EFBC}") = "mock", "mock.csproj", "{CE3C847C-FDF7-41B7-8F25-F23DD32E5AA0}"
EndProject
Global
	GlobalSection(SolutionConfigurationPlatforms) = preSolution
		Debug|Any CPU = Debug|Any CPU
		Release|Any CPU = Release|Any CPU
	EndGlobalSection
	GlobalSection(ProjectConfigurationPlatforms) = postSolution
		{CE3C847C-FDF7-41B7-8F25-F23DD32E5AA0}.Debug|Any CPU.ActiveCfg = Debug|Any CPU
		{CE3C847C-FDF7-41B7-8F25-F23DD32E5AA0}.Debug|Any CPU.Build.0 = Debug|Any CPU
		{CE3C847C-FDF7-41B7-8F25-F23DD32E5AA0}.Release|Any CPU.ActiveCfg = Release|Any CPU
		{CE3C847C-FDF7-41B7-8F25-F23DD32E5AA0}.Release|Any CPU.Build.0 = Release|Any CPU
	EndGlobalSection
	GlobalSection(SolutionProperties) = preSolution
		HideSolutionNode = FALSE
	EndGlobalSection
EndGlobal
